<?xml version="1.0" encoding="utf-8"?>
<Project ToolsVersion="4.0" xmlns="http://schemas.microsoft.com/developer/msbuild/2003">
  <ItemGroup>
    <Filter Include="UI">
      <UniqueIdentifier>{d4e5f6a7-b8c9-0123-def0-234567890123}</UniqueIdentifier>
    </Filter>
    <Filter Include="UI\Managers">
      <UniqueIdentifier>{e5f6a7b8-c9d0-1234-ef01-345678901234}</UniqueIdentifier>
    </Filter>
    <Filter Include="UI\Pages">
      <UniqueIdentifier>{f6a7b8c9-d0e1-2345-f012-456789012345}</UniqueIdentifier>
    </Filter>
    <Filter Include="UI\Interfaces">
      <UniqueIdentifier>{a7b8c9d0-e1f2-3456-0123-567890123456}</UniqueIdentifier>
    </Filter>
    <Filter Include="Modules">
      <UniqueIdentifier>{b8c9d0e1-f2a3-4567-1234-678901234567}</UniqueIdentifier>
    </Filter>
    <Filter Include="Utils">
      <UniqueIdentifier>{c9d0e1f2-a3b4-5678-2345-789012345678}</UniqueIdentifier>
    </Filter>
    <Filter Include="UI\Widgets">
      <UniqueIdentifier>{d0e1f2a3-b4c5-6789-3456-890123456789}</UniqueIdentifier>
    </Filter>
  </ItemGroup>
  <ItemGroup>
    <ClCompile Include="Source\Main.cpp" />
    <ClCompile Include="Source\Stdafx.cpp" />
    <ClCompile Include="Source\UI\D3D11Device.cpp">
      <Filter>UI</Filter>
    </ClCompile>
    <ClCompile Include="Source\UI\Window.cpp">
      <Filter>UI</Filter>
    </ClCompile>
    <ClCompile Include="Source\UI\Managers\TabManager.cpp">
      <Filter>UI\Managers</Filter>
    </ClCompile>
    <ClCompile Include="Source\UI\Managers\FontManager.cpp">
      <Filter>UI\Managers</Filter>
    </ClCompile>
    <ClCompile Include="Source\UI\Pages\MousePage.cpp">
      <Filter>UI\Pages</Filter>
    </ClCompile>
    <ClCompile Include="Source\UI\Pages\KeyboardPage.cpp">
      <Filter>UI\Pages</Filter>
    </ClCompile>
    <ClCompile Include="Source\UI\Pages\SystemPage.cpp">
      <Filter>UI\Pages</Filter>
    </ClCompile>
    <ClCompile Include="Source\UI\Pages\NetworkPage.cpp">
      <Filter>UI\Pages</Filter>
    </ClCompile>
    <ClCompile Include="Source\UI\Pages\GpuPage.cpp">
      <Filter>UI\Pages</Filter>
    </ClCompile>
    <ClCompile Include="Source\UI\Pages\AudioPage.cpp">
      <Filter>UI\Pages</Filter>
    </ClCompile>
    <ClCompile Include="Source\UI\Pages\PrivacyPage.cpp">
      <Filter>UI\Pages</Filter>
    </ClCompile>
    <ClCompile Include="Source\UI\Pages\DebloatPage.cpp">
      <Filter>UI\Pages</Filter>
    </ClCompile>
    <ClCompile Include="Source\Modules\MouseModule.cpp">
      <Filter>Modules</Filter>
    </ClCompile>
    <ClCompile Include="Source\Modules\KeyboardModule.cpp">
      <Filter>Modules</Filter>
    </ClCompile>
    <ClCompile Include="Source\Modules\SystemModule.cpp">
      <Filter>Modules</Filter>
    </ClCompile>
    <ClCompile Include="Source\Modules\NetworkModule.cpp">
      <Filter>Modules</Filter>
    </ClCompile>
    <ClCompile Include="Source\Modules\GpuModule.cpp">
      <Filter>Modules</Filter>
    </ClCompile>
    <ClCompile Include="Source\Modules\AudioModule.cpp">
      <Filter>Modules</Filter>
    </ClCompile>
    <ClCompile Include="Source\Modules\PrivacyModule.cpp">
      <Filter>Modules</Filter>
    </ClCompile>
    <ClCompile Include="Source\Modules\DebloatModule.cpp">
      <Filter>Modules</Filter>
    </ClCompile>
  </ItemGroup>
  <ItemGroup>
    <ClInclude Include="Include\Stdafx.hpp" />
    <ClInclude Include="Include\Error.hpp" />
    <ClInclude Include="Include\Modules\ModuleBase.hpp">
      <Filter>Modules</Filter>
    </ClInclude>
    <ClInclude Include="Include\Modules\MouseModule.hpp">
      <Filter>Modules</Filter>
    </ClInclude>
    <ClInclude Include="Include\Modules\KeyboardModule.hpp">
      <Filter>Modules</Filter>
    </ClInclude>
    <ClInclude Include="Include\Modules\SystemModule.hpp">
      <Filter>Modules</Filter>
    </ClInclude>
    <ClInclude Include="Include\Modules\NetworkModule.hpp">
      <Filter>Modules</Filter>
    </ClInclude>
    <ClInclude Include="Include\Modules\GpuModule.hpp">
      <Filter>Modules</Filter>
    </ClInclude>
    <ClInclude Include="Include\Modules\AudioModule.hpp">
      <Filter>Modules</Filter>
    </ClInclude>
    <ClInclude Include="Include\Modules\PrivacyModule.hpp">
      <Filter>Modules</Filter>
    </ClInclude>
    <ClInclude Include="Include\Modules\DebloatModule.hpp">
      <Filter>Modules</Filter>
    </ClInclude>
    <ClInclude Include="Include\Utils\Registry.hpp">
      <Filter>Utils</Filter>
    </ClInclude>
    <ClInclude Include="Include\Utils\Com.hpp">
      <Filter>Utils</Filter>
    </ClInclude>
    <ClInclude Include="Include\Utils\Power.hpp">
      <Filter>Utils</Filter>
    </ClInclude>
    <ClInclude Include="Include\Utils\TaskScheduler.hpp">
      <Filter>Utils</Filter>
    </ClInclude>
    <ClInclude Include="Include\Utils\AppX.hpp">
      <Filter>Utils</Filter>
    </ClInclude>
    <ClInclude Include="Include\UI\D3D11Device.hpp">
      <Filter>UI</Filter>
    </ClInclude>
    <ClInclude Include="Include\UI\Widgets\Switch.hpp">
      <Filter>UI\Widgets</Filter>
    </ClInclude>
    <ClInclude Include="Include\UI\Widgets\SettingsRow.hpp">
      <Filter>UI\Widgets</Filter>
    </ClInclude>
    <ClInclude Include="Include\UI\Window.hpp">
      <Filter>UI</Filter>
    </ClInclude>
    <ClInclude Include="Include\UI\Interfaces\IPage.hpp">
      <Filter>UI\Interfaces</Filter>
    </ClInclude>
    <ClInclude Include="Include\UI\Managers\TabManager.hpp">
      <Filter>UI\Managers</Filter>
    </ClInclude>
    <ClInclude Include="Include\UI\Managers\FontManager.hpp">
      <Filter>UI\Managers</Filter>
    </ClInclude>
    <ClInclude Include="Include\UI\Pages\MousePage.hpp">
      <Filter>UI\Pages</Filter>
    </ClInclude>
    <ClInclude Include="Include\UI\Pages\KeyboardPage.hpp">
      <Filter>UI\Pages</Filter>
    </ClInclude>
    <ClInclude Include="Include\UI\Pages\SystemPage.hpp">
      <Filter>UI\Pages</Filter>
    </ClInclude>
    <ClInclude Include="Include\UI\Pages\NetworkPage.hpp">
      <Filter>UI\Pages</Filter>
    </ClInclude>
    <ClInclude Include="Include\UI\Pages\GpuPage.hpp">
      <Filter>UI\Pages</Filter>
    </ClInclude>
    <ClInclude Include="Include\UI\Pages\AudioPage.hpp">
      <Filter>UI\Pages</Filter>
    </ClInclude>
    <ClInclude Include="Include\UI\Pages\PrivacyPage.hpp">
      <Filter>UI\Pages</Filter>
    </ClInclude>
    <ClInclude Include="Include\UI\Pages\DebloatPage.hpp">
      <Filter>UI\Pages</Filter>
    </ClInclude>
  </ItemGroup>
</Project>
